
Microsoft Visual Studio Solution File, Format Version 12.00
# Visual Studio Version 17
VisualStudioVersion = 17.3.32922.545
MinimumVisualStudioVersion = 10.0.40219.1
Project("{FAE04EC0-301F-11D3-BF4B-00C04F79EFBC}") = "Cronometro_CentroTecnologicoDelNotario", "Cronometro_CentroTecnologicoDelNotario.csproj", "{FED8887D-7529-465B-88DF-3B880B6523E9}"
EndProject
Global
	GlobalSection(SolutionConfigurationPlatforms) = preSolution
		Debug|Any CPU = Debug|Any CPU
		Release|Any CPU = Release|Any CPU
	EndGlobalSection
	GlobalSection(ProjectConfigurationPlatforms) = postSolution
		{FED8887D-7529-465B-88DF-3B880B6523E9}.Debug|Any CPU.ActiveCfg = Debug|Any CPU
		{FED8887D-7529-465B-88DF-3B880B6523E9}.Debug|Any CPU.Build.0 = Debug|Any CPU
		{FED8887D-7529-465B-88DF-3B880B6523E9}.Release|Any CPU.ActiveCfg = Release|Any CPU
		{FED8887D-7529-465B-88DF-3B880B6523E9}.Release|Any CPU.Build.0 = Release|Any CPU
	EndGlobalSection
	GlobalSection(SolutionProperties) = preSolution
		HideSolutionNode = FALSE
	EndGlobalSection
	GlobalSection(ExtensibilityGlobals) = postSolution
		SolutionGuid = {14C2D002-4997-40B2-8314-15BDE7121A5A}
	EndGlobalSection
EndGlobal
